// !$*UTF8*$!
{
	archiveVersion = 1;
	classes = {
	};
	objectVersion = 51;
	objects = {

/* Begin PBXBuildFile section */
		405F90D325EC2A0F003428F7 /* Constants.swift in Sources */ = {isa = PBXBuildFile; fileRef = 405F90D225EC2A0F003428F7 /* Constants.swift */; };
		405F90D625EC2E10003428F7 /* Message.swift in Sources */ = {isa = PBXBuildFile; fileRef = 405F90D525EC2E10003428F7 /* Message.swift */; };
		405F90DB25EC40DD003428F7 /* MessageCell.swift in Sources */ = {isa = PBXBuildFile; fileRef = 405F90D925EC40DD003428F7 /* MessageCell.swift */; };
		405F90DC25EC40DD003428F7 /* MessageCell.xib in Resources */ = {isa = PBXBuildFile; fileRef = 405F90DA25EC40DD003428F7 /* MessageCell.xib */; };
		40838EFB25E8F4C8002F3851 /* AppDelegate.swift in Sources */ = {isa = PBXBuildFile; fileRef = 40838EFA25E8F4C8002F3851 /* AppDelegate.swift */; };
		40838EFD25E8F4C8002F3851 /* SceneDelegate.swift in Sources */ = {isa = PBXBuildFile; fileRef = 40838EFC25E8F4C8002F3851 /* SceneDelegate.swift */; };
		40838EFF25E8F4C8002F3851 /* WelcomeViewController.swift in Sources */ = {isa = PBXBuildFile; fileRef = 40838EFE25E8F4C8002F3851 /* WelcomeViewController.swift */; };
		40838F0225E8F4C8002F3851 /* Main.storyboard in Resources */ = {isa = PBXBuildFile; fileRef = 40838F0025E8F4C8002F3851 /* Main.storyboard */; };
		40838F0525E8F4C8002F3851 /* ChatterApp.xcdatamodeld in Sources */ = {isa = PBXBuildFile; fileRef = 40838F0325E8F4C8002F3851 /* ChatterApp.xcdatamodeld */; };
		40838F0725E8F4CD002F3851 /* Assets.xcassets in Resources */ = {isa = PBXBuildFile; fileRef = 40838F0625E8F4CD002F3851 /* Assets.xcassets */; };
		40838F0A25E8F4CD002F3851 /* LaunchScreen.storyboard in Resources */ = {isa = PBXBuildFile; fileRef = 40838F0825E8F4CD002F3851 /* LaunchScreen.storyboard */; };
		40941B6525EAA10100F29742 /* GoogleService-Info.plist in Resources */ = {isa = PBXBuildFile; fileRef = 40941B6425EAA10000F29742 /* GoogleService-Info.plist */; };
		40B1082A25E99F030021DEF8 /* LoginViewController.swift in Sources */ = {isa = PBXBuildFile; fileRef = 40B1082925E99F030021DEF8 /* LoginViewController.swift */; };
		40CA6B5D25EA7CA90092CC5B /* ChatViewController.swift in Sources */ = {isa = PBXBuildFile; fileRef = 40CA6B5C25EA7CA90092CC5B /* ChatViewController.swift */; };
		40F1262425E9A0D50016E544 /* RegisterViewController.swift in Sources */ = {isa = PBXBuildFile; fileRef = 40F1262325E9A0D50016E544 /* RegisterViewController.swift */; };
		DD9CAB2630D488085E899AD8 /* Pods_ChatterApp.framework in Frameworks */ = {isa = PBXBuildFile; fileRef = 4974BDE8BCDCA8ACB4915306 /* Pods_ChatterApp.framework */; };
/* End PBXBuildFile section */

/* Begin PBXFileReference section */
		405F90D225EC2A0F003428F7 /* Constants.swift */ = {isa = PBXFileReference; lastKnownFileType = sourcecode.swift; path = Constants.swift; sourceTree = "<group>"; };
		405F90D525EC2E10003428F7 /* Message.swift */ = {isa = PBXFileReference; lastKnownFileType = sourcecode.swift; path = Message.swift; sourceTree = "<group>"; };
		405F90D925EC40DD003428F7 /* MessageCell.swift */ = {isa = PBXFileReference; lastKnownFileType = sourcecode.swift; path = MessageCell.swift; sourceTree = "<group>"; };
		405F90DA25EC40DD003428F7 /* MessageCell.xib */ = {isa = PBXFileReference; lastKnownFileType = file.xib; path = MessageCell.xib; sourceTree = "<group>"; };
		40838EF725E8F4C8002F3851 /* ChatterApp.app */ = {isa = PBXFileReference; explicitFileType = wrapper.application; includeInIndex = 0; path = ChatterApp.app; sourceTree = BUILT_PRODUCTS_DIR; };
		40838EFA25E8F4C8002F3851 /* AppDelegate.swift */ = {isa = PBXFileReference; lastKnownFileType = sourcecode.swift; path = AppDelegate.swift; sourceTree = "<group>"; };
		40838EFC25E8F4C8002F3851 /* SceneDelegate.swift */ = {isa = PBXFileReference; lastKnownFileType = sourcecode.swift; path = SceneDelegate.swift; sourceTree = "<group>"; };
		40838EFE25E8F4C8002F3851 /* WelcomeViewController.swift */ = {isa = PBXFileReference; lastKnownFileType = sourcecode.swift; path = WelcomeViewController.swift; sourceTree = "<group>"; };
		40838F0125E8F4C8002F3851 /* Base */ = {isa = PBXFileReference; lastKnownFileType = file.storyboard; name = Base; path = Base.lproj/Main.storyboard; sourceTree = "<group>"; };
		40838F0425E8F4C8002F3851 /* ChatterApp.xcdatamodel */ = {isa = PBXFileReference; lastKnownFileType = wrapper.xcdatamodel; path = ChatterApp.xcdatamodel; sourceTree = "<group>"; };
		40838F0625E8F4CD002F3851 /* Assets.xcassets */ = {isa = PBXFileReference; lastKnownFileType = folder.assetcatalog; path = Assets.xcassets; sourceTree = "<group>"; };
		40838F0925E8F4CD002F3851 /* Base */ = {isa = PBXFileReference; lastKnownFileType = file.storyboard; name = Base; path = Base.lproj/LaunchScreen.storyboard; sourceTree = "<group>"; };
		40838F0B25E8F4CD002F3851 /* Info.plist */ = {isa = PBXFileReference; lastKnownFileType = text.plist.xml; path = Info.plist; sourceTree = "<group>"; };
		40941B6425EAA10000F29742 /* GoogleService-Info.plist */ = {isa = PBXFileReference; fileEncoding = 4; lastKnownFileType = text.plist.xml; path = "GoogleService-Info.plist"; sourceTree = "<group>"; };
		40B1082925E99F030021DEF8 /* LoginViewController.swift */ = {isa = PBXFileReference; lastKnownFileType = sourcecode.swift; path = LoginViewController.swift; sourceTree = "<group>"; };
		40CA6B5C25EA7CA90092CC5B /* ChatViewController.swift */ = {isa = PBXFileReference; lastKnownFileType = sourcecode.swift; path = ChatViewController.swift; sourceTree = "<group>"; };
		40F1262325E9A0D50016E544 /* RegisterViewController.swift */ = {isa = PBXFileReference; lastKnownFileType = sourcecode.swift; path = RegisterViewController.swift; sourceTree = "<group>"; };
		4974BDE8BCDCA8ACB4915306 /* Pods_ChatterApp.framework */ = {isa = PBXFileReference; explicitFileType = wrapper.framework; includeInIndex = 0; path = Pods_ChatterApp.framework; sourceTree = BUILT_PRODUCTS_DIR; };
		CB376F86958E3582199F2C86 /* Pods-ChatterApp.debug.xcconfig */ = {isa = PBXFileReference; includeInIndex = 1; lastKnownFileType = text.xcconfig; name = "Pods-ChatterApp.debug.xcconfig"; path = "Target Support Files/Pods-ChatterApp/Pods-ChatterApp.debug.xcconfig"; sourceTree = "<group>"; };
		F85C71B66EA350129D4287F6 /* Pods-ChatterApp.release.xcconfig */ = {isa = PBXFileReference; includeInIndex = 1; lastKnownFileType = text.xcconfig; name = "Pods-ChatterApp.release.xcconfig"; path = "Target Support Files/Pods-ChatterApp/Pods-ChatterApp.release.xcconfig"; sourceTree = "<group>"; };
/* End PBXFileReference section */

/* Begin PBXFrameworksBuildPhase section */
		40838EF425E8F4C8002F3851 /* Frameworks */ = {
			isa = PBXFrameworksBuildPhase;
			buildActionMask = 2147483647;
			files = (
				DD9CAB2630D488085E899AD8 /* Pods_ChatterApp.framework in Frameworks */,
			);
			runOnlyForDeploymentPostprocessing = 0;
		};
/* End PBXFrameworksBuildPhase section */

/* Begin PBXGroup section */
		1A469837B4A2C02EC5C19957 /* Pods */ = {
			isa = PBXGroup;
			children = (
				CB376F86958E3582199F2C86 /* Pods-ChatterApp.debug.xcconfig */,
				F85C71B66EA350129D4287F6 /* Pods-ChatterApp.release.xcconfig */,
			);
			path = Pods;
			sourceTree = "<group>";
		};
		2AE0DDB22F94E2B1677BA6CC /* Frameworks */ = {
			isa = PBXGroup;
			children = (
				4974BDE8BCDCA8ACB4915306 /* Pods_ChatterApp.framework */,
			);
			name = Frameworks;
			sourceTree = "<group>";
		};
		405F90D825EC4091003428F7 /* Views */ = {
			isa = PBXGroup;
			children = (
				40838F0025E8F4C8002F3851 /* Main.storyboard */,
				405F90D925EC40DD003428F7 /* MessageCell.swift */,
				405F90DA25EC40DD003428F7 /* MessageCell.xib */,
			);
			path = Views;
			sourceTree = "<group>";
		};
		40838EEE25E8F4C8002F3851 = {
			isa = PBXGroup;
			children = (
				40838EF925E8F4C8002F3851 /* ChatterApp */,
				40838EF825E8F4C8002F3851 /* Products */,
				1A469837B4A2C02EC5C19957 /* Pods */,
				2AE0DDB22F94E2B1677BA6CC /* Frameworks */,
			);
			sourceTree = "<group>";
		};
		40838EF825E8F4C8002F3851 /* Products */ = {
			isa = PBXGroup;
			children = (
				40838EF725E8F4C8002F3851 /* ChatterApp.app */,
			);
			name = Products;
			sourceTree = "<group>";
		};
		40838EF925E8F4C8002F3851 /* ChatterApp */ = {
			isa = PBXGroup;
			children = (
				405F90D825EC4091003428F7 /* Views */,
				40838EFA25E8F4C8002F3851 /* AppDelegate.swift */,
				40838EFC25E8F4C8002F3851 /* SceneDelegate.swift */,
				40838F0625E8F4CD002F3851 /* Assets.xcassets */,
				40838F0825E8F4CD002F3851 /* LaunchScreen.storyboard */,
				40838F0B25E8F4CD002F3851 /* Info.plist */,
				40941B6425EAA10000F29742 /* GoogleService-Info.plist */,
				40838F0325E8F4C8002F3851 /* ChatterApp.xcdatamodeld */,
				40B1082625E99CD30021DEF8 /* Controllers */,
				405F90D225EC2A0F003428F7 /* Constants.swift */,
				405F90D525EC2E10003428F7 /* Message.swift */,
			);
			path = ChatterApp;
			sourceTree = "<group>";
		};
		40B1082625E99CD30021DEF8 /* Controllers */ = {
			isa = PBXGroup;
			children = (
				40B1082925E99F030021DEF8 /* LoginViewController.swift */,
				40838EFE25E8F4C8002F3851 /* WelcomeViewController.swift */,
				40F1262325E9A0D50016E544 /* RegisterViewController.swift */,
				40CA6B5C25EA7CA90092CC5B /* ChatViewController.swift */,
			);
			path = Controllers;
			sourceTree = "<group>";
		};
/* End PBXGroup section */

/* Begin PBXNativeTarget section */
		40838EF625E8F4C8002F3851 /* ChatterApp */ = {
			isa = PBXNativeTarget;
			buildConfigurationList = 40838F0E25E8F4CD002F3851 /* Build configuration list for PBXNativeTarget "ChatterApp" */;
			buildPhases = (
				20CAD22071BDD18A54315439 /* [CP] Check Pods Manifest.lock */,
				40838EF325E8F4C8002F3851 /* Sources */,
				40838EF425E8F4C8002F3851 /* Frameworks */,
				40838EF525E8F4C8002F3851 /* Resources */,
				654C16C2BC2FE71C00C609AA /* [CP] Embed Pods Frameworks */,
			);
			buildRules = (
			);
			dependencies = (
			);
			name = ChatterApp;
			productName = ChatterApp;
			productReference = 40838EF725E8F4C8002F3851 /* ChatterApp.app */;
			productType = "com.apple.product-type.application";
		};
/* End PBXNativeTarget section */

/* Begin PBXProject section */
		40838EEF25E8F4C8002F3851 /* Project object */ = {
			isa = PBXProject;
			attributes = {
				LastSwiftUpdateCheck = 1240;
				LastUpgradeCheck = 1240;
				TargetAttributes = {
					40838EF625E8F4C8002F3851 = {
						CreatedOnToolsVersion = 12.4;
					};
				};
			};
			buildConfigurationList = 40838EF225E8F4C8002F3851 /* Build configuration list for PBXProject "ChatterApp" */;
			compatibilityVersion = "Xcode 9.3";
			developmentRegion = en;
			hasScannedForEncodings = 0;
			knownRegions = (
				en,
				Base,
			);
			mainGroup = 40838EEE25E8F4C8002F3851;
			productRefGroup = 40838EF825E8F4C8002F3851 /* Products */;
			projectDirPath = "";
			projectRoot = "";
			targets = (
				40838EF625E8F4C8002F3851 /* ChatterApp */,
			);
		};
/* End PBXProject section */

/* Begin PBXResourcesBuildPhase section */
		40838EF525E8F4C8002F3851 /* Resources */ = {
			isa = PBXResourcesBuildPhase;
			buildActionMask = 2147483647;
			files = (
				405F90DC25EC40DD003428F7 /* MessageCell.xib in Resources */,
				40838F0A25E8F4CD002F3851 /* LaunchScreen.storyboard in Resources */,
				40941B6525EAA10100F29742 /* GoogleService-Info.plist in Resources */,
				40838F0725E8F4CD002F3851 /* Assets.xcassets in Resources */,
				40838F0225E8F4C8002F3851 /* Main.storyboard in Resources */,
			);
			runOnlyForDeploymentPostprocessing = 0;
		};
/* End PBXResourcesBuildPhase section */

/* Begin PBXShellScriptBuildPhase section */
		20CAD22071BDD18A54315439 /* [CP] Check Pods Manifest.lock */ = {
			isa = PBXShellScriptBuildPhase;
			buildActionMask = 2147483647;
			files = (
			);
			inputFileListPaths = (
			);
			inputPaths = (
				"${PODS_PODFILE_DIR_PATH}/Podfile.lock",
				"${PODS_ROOT}/Manifest.lock",
			);
			name = "[CP] Check Pods Manifest.lock";
			outputFileListPaths = (
			);
			outputPaths = (
				"$(DERIVED_FILE_DIR)/Pods-ChatterApp-checkManifestLockResult.txt",
			);
			runOnlyForDeploymentPostprocessing = 0;
			shellPath = /bin/sh;
			shellScript = "diff \"${PODS_PODFILE_DIR_PATH}/Podfile.lock\" \"${PODS_ROOT}/Manifest.lock\" > /dev/null\nif [ $? != 0 ] ; then\n    # print error to STDERR\n    echo \"error: The sandbox is not in sync with the Podfile.lock. Run 'pod install' or update your CocoaPods installation.\" >&2\n    exit 1\nfi\n# This output is used by Xcode 'outputs' to avoid re-running this script phase.\necho \"SUCCESS\" > \"${SCRIPT_OUTPUT_FILE_0}\"\n";
			showEnvVarsInLog = 0;
		};
		654C16C2BC2FE71C00C609AA /* [CP] Embed Pods Frameworks */ = {
			isa = PBXShellScriptBuildPhase;
			buildActionMask = 2147483647;
			files = (
			);
			inputFileListPaths = (
				"${PODS_ROOT}/Target Support Files/Pods-ChatterApp/Pods-ChatterApp-frameworks-${CONFIGURATION}-input-files.xcfilelist",
			);
			name = "[CP] Embed Pods Frameworks";
			outputFileListPaths = (
				"${PODS_ROOT}/Target Support Files/Pods-ChatterApp/Pods-ChatterApp-frameworks-${CONFIGURATION}-output-files.xcfilelist",
			);
			runOnlyForDeploymentPostprocessing = 0;
			shellPath = /bin/sh;
			shellScript = "\"${PODS_ROOT}/Target Support Files/Pods-ChatterApp/Pods-ChatterApp-frameworks.sh\"\n";
			showEnvVarsInLog = 0;
		};
/* End PBXShellScriptBuildPhase section */

/* Begin PBXSourcesBuildPhase section */
		40838EF325E8F4C8002F3851 /* Sources */ = {
			isa = PBXSourcesBuildPhase;
			buildActionMask = 2147483647;
			files = (
				40838EFF25E8F4C8002F3851 /* WelcomeViewController.swift in Sources */,
				405F90DB25EC40DD003428F7 /* MessageCell.swift in Sources */,
				40838EFB25E8F4C8002F3851 /* AppDelegate.swift in Sources */,
				40838EFD25E8F4C8002F3851 /* SceneDelegate.swift in Sources */,
				405F90D625EC2E10003428F7 /* Message.swift in Sources */,
				40CA6B5D25EA7CA90092CC5B /* ChatViewController.swift in Sources */,
				40F1262425E9A0D50016E544 /* RegisterViewController.swift in Sources */,
				40B1082A25E99F030021DEF8 /* LoginViewController.swift in Sources */,
				40838F0525E8F4C8002F3851 /* ChatterApp.xcdatamodeld in Sources */,
				405F90D325EC2A0F003428F7 /* Constants.swift in Sources */,
			);
			runOnlyForDeploymentPostprocessing = 0;
		};
/* End PBXSourcesBuildPhase section */

/* Begin PBXVariantGroup section */
		40838F0025E8F4C8002F3851 /* Main.storyboard */ = {
			isa = PBXVariantGroup;
			children = (
				40838F0125E8F4C8002F3851 /* Base */,
			);
			name = Main.storyboard;
			sourceTree = "<group>";
		};
		40838F0825E8F4CD002F3851 /* LaunchScreen.storyboard */ = {
			isa = PBXVariantGroup;
			children = (
				40838F0925E8F4CD002F3851 /* Base */,
			);
			name = LaunchScreen.storyboard;
			sourceTree = "<group>";
		};
/* End PBXVariantGroup section */

/* Begin XCBuildConfiguration section */
		40838F0C25E8F4CD002F3851 /* Debug */ = {
			isa = XCBuildConfiguration;
			buildSettings = {
				ALWAYS_SEARCH_USER_PATHS = NO;
				CLANG_ANALYZER_NONNULL = YES;
				CLANG_ANALYZER_NUMBER_OBJECT_CONVERSION = YES_AGGRESSIVE;
				CLANG_CXX_LANGUAGE_STANDARD = "gnu++14";
				CLANG_CXX_LIBRARY = "libc++";
				CLANG_ENABLE_MODULES = YES;
				CLANG_ENABLE_OBJC_ARC = YES;
				CLANG_ENABLE_OBJC_WEAK = YES;
				CLANG_WARN_BLOCK_CAPTURE_AUTORELEASING = YES;
				CLANG_WARN_BOOL_CONVERSION = YES;
				CLANG_WARN_COMMA = YES;
				CLANG_WARN_CONSTANT_CONVERSION = YES;
				CLANG_WARN_DEPRECATED_OBJC_IMPLEMENTATIONS = YES;
				CLANG_WARN_DIRECT_OBJC_ISA_USAGE = YES_ERROR;
				CLANG_WARN_DOCUMENTATION_COMMENTS = YES;
				CLANG_WARN_EMPTY_BODY = YES;
				CLANG_WARN_ENUM_CONVERSION = YES;
				CLANG_WARN_INFINITE_RECURSION = YES;
				CLANG_WARN_INT_CONVERSION = YES;
				CLANG_WARN_NON_LITERAL_NULL_CONVERSION = YES;
				CLANG_WARN_OBJC_IMPLICIT_RETAIN_SELF = YES;
				CLANG_WARN_OBJC_LITERAL_CONVERSION = YES;
				CLANG_WARN_OBJC_ROOT_CLASS = YES_ERROR;
				CLANG_WARN_QUOTED_INCLUDE_IN_FRAMEWORK_HEADER = YES;
				CLANG_WARN_RANGE_LOOP_ANALYSIS = YES;
				CLANG_WARN_STRICT_PROTOTYPES = YES;
				CLANG_WARN_SUSPICIOUS_MOVE = YES;
				CLANG_WARN_UNGUARDED_AVAILABILITY = YES_AGGRESSIVE;
				CLANG_WARN_UNREACHABLE_CODE = YES;
				CLANG_WARN__DUPLICATE_METHOD_MATCH = YES;
				COPY_PHASE_STRIP = NO;
				DEBUG_INFORMATION_FORMAT = dwarf;
				ENABLE_STRICT_OBJC_MSGSEND = YES;
				ENABLE_TESTABILITY = YES;
				GCC_C_LANGUAGE_STANDARD = gnu11;
				GCC_DYNAMIC_NO_PIC = NO;
				GCC_NO_COMMON_BLOCKS = YES;
				GCC_OPTIMIZATION_LEVEL = 0;
				GCC_PREPROCESSOR_DEFINITIONS = (
					"DEBUG=1",
					"$(inherited)",
				);
				GCC_WARN_64_TO_32_BIT_CONVERSION = YES;
				GCC_WARN_ABOUT_RETURN_TYPE = YES_ERROR;
				GCC_WARN_UNDECLARED_SELECTOR = YES;
				GCC_WARN_UNINITIALIZED_AUTOS = YES_AGGRESSIVE;
				GCC_WARN_UNUSED_FUNCTION = YES;
				GCC_WARN_UNUSED_VARIABLE = YES;
				IPHONEOS_DEPLOYMENT_TARGET = 14.4;
				MTL_ENABLE_DEBUG_INFO = INCLUDE_SOURCE;
				MTL_FAST_MATH = YES;
				ONLY_ACTIVE_ARCH = YES;
				SDKROOT = iphoneos;
				SWIFT_ACTIVE_COMPILATION_CONDITIONS = DEBUG;
				SWIFT_OPTIMIZATION_LEVEL = "-Onone";
			};
			name = Debug;
		};
		40838F0D25E8F4CD002F3851 /* Release */ = {
			isa = XCBuildConfiguration;
			buildSettings = {
				ALWAYS_SEARCH_USER_PATHS = NO;
				CLANG_ANALYZER_NONNULL = YES;
				CLANG_ANALYZER_NUMBER_OBJECT_CONVERSION = YES_AGGRESSIVE;
				CLANG_CXX_LANGUAGE_STANDARD = "gnu++14";
				CLANG_CXX_LIBRARY = "libc++";
				CLANG_ENABLE_MODULES = YES;
				CLANG_ENABLE_OBJC_ARC = YES;
				CLANG_ENABLE_OBJC_WEAK = YES;
				CLANG_WARN_BLOCK_CAPTURE_AUTORELEASING = YES;
				CLANG_WARN_BOOL_CONVERSION = YES;
				CLANG_WARN_COMMA = YES;
				CLANG_WARN_CONSTANT_CONVERSION = YES;
				CLANG_WARN_DEPRECATED_OBJC_IMPLEMENTATIONS = YES;
				CLANG_WARN_DIRECT_OBJC_ISA_USAGE = YES_ERROR;
				CLANG_WARN_DOCUMENTATION_COMMENTS = YES;
				CLANG_WARN_EMPTY_BODY = YES;
				CLANG_WARN_ENUM_CONVERSION = YES;
				CLANG_WARN_INFINITE_RECURSION = YES;
				CLANG_WARN_INT_CONVERSION = YES;
				CLANG_WARN_NON_LITERAL_NULL_CONVERSION = YES;
				CLANG_WARN_OBJC_IMPLICIT_RETAIN_SELF = YES;
				CLANG_WARN_OBJC_LITERAL_CONVERSION = YES;
				CLANG_WARN_OBJC_ROOT_CLASS = YES_ERROR;
				CLANG_WARN_QUOTED_INCLUDE_IN_FRAMEWORK_HEADER = YES;
				CLANG_WARN_RANGE_LOOP_ANALYSIS = YES;
				CLANG_WARN_STRICT_PROTOTYPES = YES;
				CLANG_WARN_SUSPICIOUS_MOVE = YES;
				CLANG_WARN_UNGUARDED_AVAILABILITY = YES_AGGRESSIVE;
				CLANG_WARN_UNREACHABLE_CODE = YES;
				CLANG_WARN__DUPLICATE_METHOD_MATCH = YES;
				COPY_PHASE_STRIP = NO;
				DEBUG_INFORMATION_FORMAT = "dwarf-with-dsym";
				ENABLE_NS_ASSERTIONS = NO;
				ENABLE_STRICT_OBJC_MSGSEND = YES;
				GCC_C_LANGUAGE_STANDARD = gnu11;
				GCC_NO_COMMON_BLOCKS = YES;
				GCC_WARN_64_TO_32_BIT_CONVERSION = YES;
				GCC_WARN_ABOUT_RETURN_TYPE = YES_ERROR;
				GCC_WARN_UNDECLARED_SELECTOR = YES;
				GCC_WARN_UNINITIALIZED_AUTOS = YES_AGGRESSIVE;
				GCC_WARN_UNUSED_FUNCTION = YES;
				GCC_WARN_UNUSED_VARIABLE = YES;
				IPHONEOS_DEPLOYMENT_TARGET = 14.4;
				MTL_ENABLE_DEBUG_INFO = NO;
				MTL_FAST_MATH = YES;
				SDKROOT = iphoneos;
				SWIFT_COMPILATION_MODE = wholemodule;
				SWIFT_OPTIMIZATION_LEVEL = "-O";
				VALIDATE_PRODUCT = YES;
			};
			name = Release;
		};
		40838F0F25E8F4CD002F3851 /* Debug */ = {
			isa = XCBuildConfiguration;
			baseConfigurationReference = CB376F86958E3582199F2C86 /* Pods-ChatterApp.debug.xcconfig */;
			buildSettings = {
				ASSETCATALOG_COMPILER_APPICON_NAME = AppIcon;
				ASSETCATALOG_COMPILER_GLOBAL_ACCENT_COLOR_NAME = AccentColor;
				CODE_SIGN_STYLE = Automatic;
				DEVELOPMENT_TEAM = URJBK2A2KA;
				INFOPLIST_FILE = ChatterApp/Info.plist;
				LD_RUNPATH_SEARCH_PATHS = (
					"$(inherited)",
					"@executable_path/Frameworks",
				);
				PRODUCT_BUNDLE_IDENTIFIER = com.elmira.ChatterApp;
				PRODUCT_NAME = "$(TARGET_NAME)";
				SWIFT_VERSION = 5.0;
				TARGETED_DEVICE_FAMILY = "1,2";
			};
			name = Debug;
		};
		40838F1025E8F4CD002F3851 /* Release */ = {
			isa = XCBuildConfiguration;
			baseConfigurationReference = F85C71B66EA350129D4287F6 /* Pods-ChatterApp.release.xcconfig */;
			buildSettings = {
				ASSETCATALOG_COMPILER_APPICON_NAME = AppIcon;
				ASSETCATALOG_COMPILER_GLOBAL_ACCENT_COLOR_NAME = AccentColor;
				CODE_SIGN_STYLE = Automatic;
				DEVELOPMENT_TEAM = URJBK2A2KA;
				INFOPLIST_FILE = ChatterApp/Info.plist;
				LD_RUNPATH_SEARCH_PATHS = (
					"$(inherited)",
					"@executable_path/Frameworks",
				);
				PRODUCT_BUNDLE_IDENTIFIER = com.elmira.ChatterApp;
				PRODUCT_NAME = "$(TARGET_NAME)";
				SWIFT_VERSION = 5.0;
				TARGETED_DEVICE_FAMILY = "1,2";
			};
			name = Release;
		};
/* End XCBuildConfiguration section */

/* Begin XCConfigurationList section */
		40838EF225E8F4C8002F3851 /* Build configuration list for PBXProject "ChatterApp" */ = {
			isa = XCConfigurationList;
			buildConfigurations = (
				40838F0C25E8F4CD002F3851 /* Debug */,
				40838F0D25E8F4CD002F3851 /* Release */,
			);
			defaultConfigurationIsVisible = 0;
			defaultConfigurationName = Release;
		};
		40838F0E25E8F4CD002F3851 /* Build configuration list for PBXNativeTarget "ChatterApp" */ = {
			isa = XCConfigurationList;
			buildConfigurations = (
				40838F0F25E8F4CD002F3851 /* Debug */,
				40838F1025E8F4CD002F3851 /* Release */,
			);
			defaultConfigurationIsVisible = 0;
			defaultConfigurationName = Release;
		};
/* End XCConfigurationList section */

/* Begin XCVersionGroup section */
		40838F0325E8F4C8002F3851 /* ChatterApp.xcdatamodeld */ = {
			isa = XCVersionGroup;
			children = (
				40838F0425E8F4C8002F3851 /* ChatterApp.xcdatamodel */,
			);
			currentVersion = 40838F0425E8F4C8002F3851 /* ChatterApp.xcdatamodel */;
			path = ChatterApp.xcdatamodeld;
			sourceTree = "<group>";
			versionGroupType = wrapper.xcdatamodel;
		};
/* End XCVersionGroup section */
	};
	rootObject = 40838EEF25E8F4C8002F3851 /* Project object */;
}
