// !$*UTF8*$!
{
	archiveVersion = 1;
	classes = {
	};
	objectVersion = 50;
	objects = {

/* Begin PBXBuildFile section */
		40838EFB25E8F4C8002F3851 /* AppDelegate.swift in Sources */ = {isa = PBXBuildFile; fileRef = 40838EFA25E8F4C8002F3851 /* AppDelegate.swift */; };
		40838EFD25E8F4C8002F3851 /* SceneDelegate.swift in Sources */ = {isa = PBXBuildFile; fileRef = 40838EFC25E8F4C8002F3851 /* SceneDelegate.swift */; };
		40838EFF25E8F4C8002F3851 /* ViewController.swift in Sources */ = {isa = PBXBuildFile; fileRef = 40838EFE25E8F4C8002F3851 /* ViewController.swift */; };
		40838F0225E8F4C8002F3851 /* Main.storyboard in Resources */ = {isa = PBXBuildFile; fileRef = 40838F0025E8F4C8002F3851 /* Main.storyboard */; };
		40838F0525E8F4C8002F3851 /* ChatterApp.xcdatamodeld in Sources */ = {isa = PBXBuildFile; fileRef = 40838F0325E8F4C8002F3851 /* ChatterApp.xcdatamodeld */; };
		40838F0725E8F4CD002F3851 /* Assets.xcassets in Resources */ = {isa = PBXBuildFile; fileRef = 40838F0625E8F4CD002F3851 /* Assets.xcassets */; };
		40838F0A25E8F4CD002F3851 /* LaunchScreen.storyboard in Resources */ = {isa = PBXBuildFile; fileRef = 40838F0825E8F4CD002F3851 /* LaunchScreen.storyboard */; };
/* End PBXBuildFile section */

/* Begin PBXFileReference section */
		40838EF725E8F4C8002F3851 /* ChatterApp.app */ = {isa = PBXFileReference; explicitFileType = wrapper.application; includeInIndex = 0; path = ChatterApp.app; sourceTree = BUILT_PRODUCTS_DIR; };
		40838EFA25E8F4C8002F3851 /* AppDelegate.swift */ = {isa = PBXFileReference; lastKnownFileType = sourcecode.swift; path = AppDelegate.swift; sourceTree = "<group>"; };
		40838EFC25E8F4C8002F3851 /* SceneDelegate.swift */ = {isa = PBXFileReference; lastKnownFileType = sourcecode.swift; path = SceneDelegate.swift; sourceTree = "<group>"; };
		40838EFE25E8F4C8002F3851 /* ViewController.swift */ = {isa = PBXFileReference; lastKnownFileType = sourcecode.swift; path = ViewController.swift; sourceTree = "<group>"; };
		40838F0125E8F4C8002F3851 /* Base */ = {isa = PBXFileReference; lastKnownFileType = file.storyboard; name = Base; path = Base.lproj/Main.storyboard; sourceTree = "<group>"; };
		40838F0425E8F4C8002F3851 /* ChatterApp.xcdatamodel */ = {isa = PBXFileReference; lastKnownFileType = wrapper.xcdatamodel; path = ChatterApp.xcdatamodel; sourceTree = "<group>"; };
		40838F0625E8F4CD002F3851 /* Assets.xcassets */ = {isa = PBXFileReference; lastKnownFileType = folder.assetcatalog; path = Assets.xcassets; sourceTree = "<group>"; };
		40838F0925E8F4CD002F3851 /* Base */ = {isa = PBXFileReference; lastKnownFileType = file.storyboard; name = Base; path = Base.lproj/LaunchScreen.storyboard; sourceTree = "<group>"; };
		40838F0B25E8F4CD002F3851 /* Info.plist */ = {isa = PBXFileReference; lastKnownFileType = text.plist.xml; path = Info.plist; sourceTree = "<group>"; };
/* End PBXFileReference section */

/* Begin PBXFrameworksBuildPhase section */
		40838EF425E8F4C8002F3851 /* Frameworks */ = {
			isa = PBXFrameworksBuildPhase;
			buildActionMask = 2147483647;
			files = (
			);
			runOnlyForDeploymentPostprocessing = 0;
		};
/* End PBXFrameworksBuildPhase section */

/* Begin PBXGroup section */
		40838EEE25E8F4C8002F3851 = {
			isa = PBXGroup;
			children = (
				40838EF925E8F4C8002F3851 /* ChatterApp */,
				40838EF825E8F4C8002F3851 /* Products */,
			);
			sourceTree = "<group>";
		};
		40838EF825E8F4C8002F3851 /* Products */ = {
			isa = PBXGroup;
			children = (
				40838EF725E8F4C8002F3851 /* ChatterApp.app */,
			);
			name = Products;
			sourceTree = "<group>";
		};
		40838EF925E8F4C8002F3851 /* ChatterApp */ = {
			isa = PBXGroup;
			children = (
				40838EFA25E8F4C8002F3851 /* AppDelegate.swift */,
				40838EFC25E8F4C8002F3851 /* SceneDelegate.swift */,
				40838EFE25E8F4C8002F3851 /* ViewController.swift */,
				40838F0025E8F4C8002F3851 /* Main.storyboard */,
				40838F0625E8F4CD002F3851 /* Assets.xcassets */,
				40838F0825E8F4CD002F3851 /* LaunchScreen.storyboard */,
				40838F0B25E8F4CD002F3851 /* Info.plist */,
				40838F0325E8F4C8002F3851 /* ChatterApp.xcdatamodeld */,
			);
			path = ChatterApp;
			sourceTree = "<group>";
		};
/* End PBXGroup section */

/* Begin PBXNativeTarget section */
		40838EF625E8F4C8002F3851 /* ChatterApp */ = {
			isa = PBXNativeTarget;
			buildConfigurationList = 40838F0E25E8F4CD002F3851 /* Build configuration list for PBXNativeTarget "ChatterApp" */;
			buildPhases = (
				40838EF325E8F4C8002F3851 /* Sources */,
				40838EF425E8F4C8002F3851 /* Frameworks */,
				40838EF525E8F4C8002F3851 /* Resources */,
			);
			buildRules = (
			);
			dependencies = (
			);
			name = ChatterApp;
			productName = ChatterApp;
			productReference = 40838EF725E8F4C8002F3851 /* ChatterApp.app */;
			productType = "com.apple.product-type.application";
		};
/* End PBXNativeTarget section */

/* Begin PBXProject section */
		40838EEF25E8F4C8002F3851 /* Project object */ = {
			isa = PBXProject;
			attributes = {
				LastSwiftUpdateCheck = 1240;
				LastUpgradeCheck = 1240;
				TargetAttributes = {
					40838EF625E8F4C8002F3851 = {
						CreatedOnToolsVersion = 12.4;
					};
				};
			};
			buildConfigurationList = 40838EF225E8F4C8002F3851 /* Build configuration list for PBXProject "ChatterApp" */;
			compatibilityVersion = "Xcode 9.3";
			developmentRegion = en;
			hasScannedForEncodings = 0;
			knownRegions = (
				en,
				Base,
			);
			mainGroup = 40838EEE25E8F4C8002F3851;
			productRefGroup = 40838EF825E8F4C8002F3851 /* Products */;
			projectDirPath = "";
			projectRoot = "";
			targets = (
				40838EF625E8F4C8002F3851 /* ChatterApp */,
			);
		};
/* End PBXProject section */

/* Begin PBXResourcesBuildPhase section */
		40838EF525E8F4C8002F3851 /* Resources */ = {
			isa = PBXResourcesBuildPhase;
			buildActionMask = 2147483647;
			files = (
				40838F0A25E8F4CD002F3851 /* LaunchScreen.storyboard in Resources */,
				40838F0725E8F4CD002F3851 /* Assets.xcassets in Resources */,
				40838F0225E8F4C8002F3851 /* Main.storyboard in Resources */,
			);
			runOnlyForDeploymentPostprocessing = 0;
		};
/* End PBXResourcesBuildPhase section */

/* Begin PBXSourcesBuildPhase section */
		40838EF325E8F4C8002F3851 /* Sources */ = {
			isa = PBXSourcesBuildPhase;
			buildActionMask = 2147483647;
			files = (
				40838EFF25E8F4C8002F3851 /* ViewController.swift in Sources */,
				40838EFB25E8F4C8002F3851 /* AppDelegate.swift in Sources */,
				40838EFD25E8F4C8002F3851 /* SceneDelegate.swift in Sources */,
				40838F0525E8F4C8002F3851 /* ChatterApp.xcdatamodeld in Sources */,
			);
			runOnlyForDeploymentPostprocessing = 0;
		};
/* End PBXSourcesBuildPhase section */

/* Begin PBXVariantGroup section */
		40838F0025E8F4C8002F3851 /* Main.storyboard */ = {
			isa = PBXVariantGroup;
			children = (
				40838F0125E8F4C8002F3851 /* Base */,
			);
			name = Main.storyboard;
			sourceTree = "<group>";
		};
		40838F0825E8F4CD002F3851 /* LaunchScreen.storyboard */ = {
			isa = PBXVariantGroup;
			children = (
				40838F0925E8F4CD002F3851 /* Base */,
			);
			name = LaunchScreen.storyboard;
			sourceTree = "<group>";
		};
/* End PBXVariantGroup section */

/* Begin XCBuildConfiguration section */
		40838F0C25E8F4CD002F3851 /* Debug */ = {
			isa = XCBuildConfiguration;
			buildSettings = {
				ALWAYS_SEARCH_USER_PATHS = NO;
				CLANG_ANALYZER_NONNULL = YES;
				CLANG_ANALYZER_NUMBER_OBJECT_CONVERSION = YES_AGGRESSIVE;
				CLANG_CXX_LANGUAGE_STANDARD = "gnu++14";
				CLANG_CXX_LIBRARY = "libc++";
				CLANG_ENABLE_MODULES = YES;
				CLANG_ENABLE_OBJC_ARC = YES;
				CLANG_ENABLE_OBJC_WEAK = YES;
				CLANG_WARN_BLOCK_CAPTURE_AUTORELEASING = YES;
				CLANG_WARN_BOOL_CONVERSION = YES;
				CLANG_WARN_COMMA = YES;
				CLANG_WARN_CONSTANT_CONVERSION = YES;
				CLANG_WARN_DEPRECATED_OBJC_IMPLEMENTATIONS = YES;
				CLANG_WARN_DIRECT_OBJC_ISA_USAGE = YES_ERROR;
				CLANG_WARN_DOCUMENTATION_COMMENTS = YES;
				CLANG_WARN_EMPTY_BODY = YES;
				CLANG_WARN_ENUM_CONVERSION = YES;
				CLANG_WARN_INFINITE_RECURSION = YES;
				CLANG_WARN_INT_CONVERSION = YES;
				CLANG_WARN_NON_LITERAL_NULL_CONVERSION = YES;
				CLANG_WARN_OBJC_IMPLICIT_RETAIN_SELF = YES;
				CLANG_WARN_OBJC_LITERAL_CONVERSION = YES;
				CLANG_WARN_OBJC_ROOT_CLASS = YES_ERROR;
				CLANG_WARN_QUOTED_INCLUDE_IN_FRAMEWORK_HEADER = YES;
				CLANG_WARN_RANGE_LOOP_ANALYSIS = YES;
				CLANG_WARN_STRICT_PROTOTYPES = YES;
				CLANG_WARN_SUSPICIOUS_MOVE = YES;
				CLANG_WARN_UNGUARDED_AVAILABILITY = YES_AGGRESSIVE;
				CLANG_WARN_UNREACHABLE_CODE = YES;
				CLANG_WARN__DUPLICATE_METHOD_MATCH = YES;
				COPY_PHASE_STRIP = NO;
				DEBUG_INFORMATION_FORMAT = dwarf;
				ENABLE_STRICT_OBJC_MSGSEND = YES;
				ENABLE_TESTABILITY = YES;
				GCC_C_LANGUAGE_STANDARD = gnu11;
				GCC_DYNAMIC_NO_PIC = NO;
				GCC_NO_COMMON_BLOCKS = YES;
				GCC_OPTIMIZATION_LEVEL = 0;
				GCC_PREPROCESSOR_DEFINITIONS = (
					"DEBUG=1",
					"$(inherited)",
				);
				GCC_WARN_64_TO_32_BIT_CONVERSION = YES;
				GCC_WARN_ABOUT_RETURN_TYPE = YES_ERROR;
				GCC_WARN_UNDECLARED_SELECTOR = YES;
				GCC_WARN_UNINITIALIZED_AUTOS = YES_AGGRESSIVE;
				GCC_WARN_UNUSED_FUNCTION = YES;
				GCC_WARN_UNUSED_VARIABLE = YES;
				IPHONEOS_DEPLOYMENT_TARGET = 14.4;
				MTL_ENABLE_DEBUG_INFO = INCLUDE_SOURCE;
				MTL_FAST_MATH = YES;
				ONLY_ACTIVE_ARCH = YES;
				SDKROOT = iphoneos;
				SWIFT_ACTIVE_COMPILATION_CONDITIONS = DEBUG;
				SWIFT_OPTIMIZATION_LEVEL = "-Onone";
			};
			name = Debug;
		};
		40838F0D25E8F4CD002F3851 /* Release */ = {
			isa = XCBuildConfiguration;
			buildSettings = {
				ALWAYS_SEARCH_USER_PATHS = NO;
				CLANG_ANALYZER_NONNULL = YES;
				CLANG_ANALYZER_NUMBER_OBJECT_CONVERSION = YES_AGGRESSIVE;
				CLANG_CXX_LANGUAGE_STANDARD = "gnu++14";
				CLANG_CXX_LIBRARY = "libc++";
				CLANG_ENABLE_MODULES = YES;
				CLANG_ENABLE_OBJC_ARC = YES;
				CLANG_ENABLE_OBJC_WEAK = YES;
				CLANG_WARN_BLOCK_CAPTURE_AUTORELEASING = YES;
				CLANG_WARN_BOOL_CONVERSION = YES;
				CLANG_WARN_COMMA = YES;
				CLANG_WARN_CONSTANT_CONVERSION = YES;
				CLANG_WARN_DEPRECATED_OBJC_IMPLEMENTATIONS = YES;
				CLANG_WARN_DIRECT_OBJC_ISA_USAGE = YES_ERROR;
				CLANG_WARN_DOCUMENTATION_COMMENTS = YES;
				CLANG_WARN_EMPTY_BODY = YES;
				CLANG_WARN_ENUM_CONVERSION = YES;
				CLANG_WARN_INFINITE_RECURSION = YES;
				CLANG_WARN_INT_CONVERSION = YES;
				CLANG_WARN_NON_LITERAL_NULL_CONVERSION = YES;
				CLANG_WARN_OBJC_IMPLICIT_RETAIN_SELF = YES;
				CLANG_WARN_OBJC_LITERAL_CONVERSION = YES;
				CLANG_WARN_OBJC_ROOT_CLASS = YES_ERROR;
				CLANG_WARN_QUOTED_INCLUDE_IN_FRAMEWORK_HEADER = YES;
				CLANG_WARN_RANGE_LOOP_ANALYSIS = YES;
				CLANG_WARN_STRICT_PROTOTYPES = YES;
				CLANG_WARN_SUSPICIOUS_MOVE = YES;
				CLANG_WARN_UNGUARDED_AVAILABILITY = YES_AGGRESSIVE;
				CLANG_WARN_UNREACHABLE_CODE = YES;
				CLANG_WARN__DUPLICATE_METHOD_MATCH = YES;
				COPY_PHASE_STRIP = NO;
				DEBUG_INFORMATION_FORMAT = "dwarf-with-dsym";
				ENABLE_NS_ASSERTIONS = NO;
				ENABLE_STRICT_OBJC_MSGSEND = YES;
				GCC_C_LANGUAGE_STANDARD = gnu11;
				GCC_NO_COMMON_BLOCKS = YES;
				GCC_WARN_64_TO_32_BIT_CONVERSION = YES;
				GCC_WARN_ABOUT_RETURN_TYPE = YES_ERROR;
				GCC_WARN_UNDECLARED_SELECTOR = YES;
				GCC_WARN_UNINITIALIZED_AUTOS = YES_AGGRESSIVE;
				GCC_WARN_UNUSED_FUNCTION = YES;
				GCC_WARN_UNUSED_VARIABLE = YES;
				IPHONEOS_DEPLOYMENT_TARGET = 14.4;
				MTL_ENABLE_DEBUG_INFO = NO;
				MTL_FAST_MATH = YES;
				SDKROOT = iphoneos;
				SWIFT_COMPILATION_MODE = wholemodule;
				SWIFT_OPTIMIZATION_LEVEL = "-O";
				VALIDATE_PRODUCT = YES;
			};
			name = Release;
		};
		40838F0F25E8F4CD002F3851 /* Debug */ = {
			isa = XCBuildConfiguration;
			buildSettings = {
				ASSETCATALOG_COMPILER_APPICON_NAME = AppIcon;
				ASSETCATALOG_COMPILER_GLOBAL_ACCENT_COLOR_NAME = AccentColor;
				CODE_SIGN_STYLE = Automatic;
				DEVELOPMENT_TEAM = URJBK2A2KA;
				INFOPLIST_FILE = ChatterApp/Info.plist;
				LD_RUNPATH_SEARCH_PATHS = (
					"$(inherited)",
					"@executable_path/Frameworks",
				);
				PRODUCT_BUNDLE_IDENTIFIER = com.elmira.ChatterApp;
				PRODUCT_NAME = "$(TARGET_NAME)";
				SWIFT_VERSION = 5.0;
				TARGETED_DEVICE_FAMILY = "1,2";
			};
			name = Debug;
		};
		40838F1025E8F4CD002F3851 /* Release */ = {
			isa = XCBuildConfiguration;
			buildSettings = {
				ASSETCATALOG_COMPILER_APPICON_NAME = AppIcon;
				ASSETCATALOG_COMPILER_GLOBAL_ACCENT_COLOR_NAME = AccentColor;
				CODE_SIGN_STYLE = Automatic;
				DEVELOPMENT_TEAM = URJBK2A2KA;
				INFOPLIST_FILE = ChatterApp/Info.plist;
				LD_RUNPATH_SEARCH_PATHS = (
					"$(inherited)",
					"@executable_path/Frameworks",
				);
				PRODUCT_BUNDLE_IDENTIFIER = com.elmira.ChatterApp;
				PRODUCT_NAME = "$(TARGET_NAME)";
				SWIFT_VERSION = 5.0;
				TARGETED_DEVICE_FAMILY = "1,2";
			};
			name = Release;
		};
/* End XCBuildConfiguration section */

/* Begin XCConfigurationList section */
		40838EF225E8F4C8002F3851 /* Build configuration list for PBXProject "ChatterApp" */ = {
			isa = XCConfigurationList;
			buildConfigurations = (
				40838F0C25E8F4CD002F3851 /* Debug */,
				40838F0D25E8F4CD002F3851 /* Release */,
			);
			defaultConfigurationIsVisible = 0;
			defaultConfigurationName = Release;
		};
		40838F0E25E8F4CD002F3851 /* Build configuration list for PBXNativeTarget "ChatterApp" */ = {
			isa = XCConfigurationList;
			buildConfigurations = (
				40838F0F25E8F4CD002F3851 /* Debug */,
				40838F1025E8F4CD002F3851 /* Release */,
			);
			defaultConfigurationIsVisible = 0;
			defaultConfigurationName = Release;
		};
/* End XCConfigurationList section */

/* Begin XCVersionGroup section */
		40838F0325E8F4C8002F3851 /* ChatterApp.xcdatamodeld */ = {
			isa = XCVersionGroup;
			children = (
				40838F0425E8F4C8002F3851 /* ChatterApp.xcdatamodel */,
			);
			currentVersion = 40838F0425E8F4C8002F3851 /* ChatterApp.xcdatamodel */;
			path = ChatterApp.xcdatamodeld;
			sourceTree = "<group>";
			versionGroupType = wrapper.xcdatamodel;
		};
/* End XCVersionGroup section */
	};
	rootObject = 40838EEF25E8F4C8002F3851 /* Project object */;
}
